
Microsoft Visual Studio Solution File, Format Version 12.00
# Visual Studio Version 17
VisualStudioVersion = 17.9.34728.123
MinimumVisualStudioVersion = 10.0.40219.1
Project("{8BC9CEB8-8B4A-11D0-8D11-00A0C91BC942}") = "Game engine", "Game engine.vcxproj", "{99C63897-80A9-4449-9613-3D34C4BEA21C}"
EndProject
Global
	GlobalSection(SolutionConfigurationPlatforms) = preSolution
		Debug|x64 = Debug|x64
		Debug|x86 = Debug|x86
		Release|x64 = Release|x64
		Release|x86 = Release|x86
	EndGlobalSection
	GlobalSection(ProjectConfigurationPlatforms) = postSolution
		{99C63897-80A9-4449-9613-3D34C4BEA21C}.Debug|x64.ActiveCfg = Debug|x64
		{99C63897-80A9-4449-9613-3D34C4BEA21C}.Debug|x64.Build.0 = Debug|x64
		{99C63897-80A9-4449-9613-3D34C4BEA21C}.Debug|x86.ActiveCfg = Debug|Win32
		{99C63897-80A9-4449-9613-3D34C4BEA21C}.Debug|x86.Build.0 = Debug|Win32
		{99C63897-80A9-4449-9613-3D34C4BEA21C}.Release|x64.ActiveCfg = Release|x64
		{99C63897-80A9-4449-9613-3D34C4BEA21C}.Release|x64.Build.0 = Release|x64
		{99C63897-80A9-4449-9613-3D34C4BEA21C}.Release|x86.ActiveCfg = Release|Win32
		{99C63897-80A9-4449-9613-3D34C4BEA21C}.Release|x86.Build.0 = Release|Win32
	EndGlobalSection
	GlobalSection(SolutionProperties) = preSolution
		HideSolutionNode = FALSE
	EndGlobalSection
	GlobalSection(ExtensibilityGlobals) = postSolution
		SolutionGuid = {BD66B1FA-0E56-47EB-9CA0-F298C8F22D57}
	EndGlobalSection
EndGlobal
